
Microsoft Visual Studio Solution File, Format Version 12.00
# Visual Studio Version 16
VisualStudioVersion = 16.0.31313.79
MinimumVisualStudioVersion = 10.0.40219.1
Project("{FAE04EC0-301F-11D3-BF4B-00C04F79EFBC}") = "Umg.Entidades", "..\Umg\Umg.Entidades\Umg.Entidades.csproj", "{8020EBA5-E14B-46DD-99C4-4A5AD2556AAF}"
EndProject
Project("{FAE04EC0-301F-11D3-BF4B-00C04F79EFBC}") = "Umg.Datos", "Umg\Umg.Datos\Umg.Datos.csproj", "{C96664F2-F37B-45B4-91C9-0CC1ECE5C872}"
EndProject
Project("{FAE04EC0-301F-11D3-BF4B-00C04F79EFBC}") = "Umg.Web", "Umg\Umg.Web\Umg.Web.csproj", "{54191B3D-F9C8-4FDB-8841-6BF2BA2A95AF}"
EndProject
Global
	GlobalSection(SolutionConfigurationPlatforms) = preSolution
		Debug|Any CPU = Debug|Any CPU
		Release|Any CPU = Release|Any CPU
	EndGlobalSection
	GlobalSection(ProjectConfigurationPlatforms) = postSolution
		{8020EBA5-E14B-46DD-99C4-4A5AD2556AAF}.Debug|Any CPU.ActiveCfg = Debug|Any CPU
		{8020EBA5-E14B-46DD-99C4-4A5AD2556AAF}.Debug|Any CPU.Build.0 = Debug|Any CPU
		{8020EBA5-E14B-46DD-99C4-4A5AD2556AAF}.Release|Any CPU.ActiveCfg = Release|Any CPU
		{8020EBA5-E14B-46DD-99C4-4A5AD2556AAF}.Release|Any CPU.Build.0 = Release|Any CPU
		{C96664F2-F37B-45B4-91C9-0CC1ECE5C872}.Debug|Any CPU.ActiveCfg = Debug|Any CPU
		{C96664F2-F37B-45B4-91C9-0CC1ECE5C872}.Debug|Any CPU.Build.0 = Debug|Any CPU
		{C96664F2-F37B-45B4-91C9-0CC1ECE5C872}.Release|Any CPU.ActiveCfg = Release|Any CPU
		{C96664F2-F37B-45B4-91C9-0CC1ECE5C872}.Release|Any CPU.Build.0 = Release|Any CPU
		{54191B3D-F9C8-4FDB-8841-6BF2BA2A95AF}.Debug|Any CPU.ActiveCfg = Debug|Any CPU
		{54191B3D-F9C8-4FDB-8841-6BF2BA2A95AF}.Debug|Any CPU.Build.0 = Debug|Any CPU
		{54191B3D-F9C8-4FDB-8841-6BF2BA2A95AF}.Release|Any CPU.ActiveCfg = Release|Any CPU
		{54191B3D-F9C8-4FDB-8841-6BF2BA2A95AF}.Release|Any CPU.Build.0 = Release|Any CPU
	EndGlobalSection
	GlobalSection(SolutionProperties) = preSolution
		HideSolutionNode = FALSE
	EndGlobalSection
	GlobalSection(ExtensibilityGlobals) = postSolution
		SolutionGuid = {0EF7A738-CB90-4917-AABE-8412E1E929D7}
	EndGlobalSection
EndGlobal
